
Microsoft Visual Studio Solution File, Format Version 12.00
# Visual Studio Version 16
VisualStudioVersion = 16.0.30907.101
MinimumVisualStudioVersion = 10.0.40219.1
Project("{9A19103F-16F7-4668-BE54-9A1E7A4F7556}") = "CaseManager", "CaseManager.csproj", "{912F10B4-32B9-4BEC-B5CC-7247A23C0099}"
EndProject
Project("{9A19103F-16F7-4668-BE54-9A1E7A4F7556}") = "LibraryProject", "..\LibraryProject\LibraryProject.csproj", "{00E15BD0-6CF3-4253-92B4-DB531DDE0A3D}"
EndProject
Project("{9A19103F-16F7-4668-BE54-9A1E7A4F7556}") = "Blazor", "..\Blazor\Blazor.csproj", "{DBEC6871-7202-4213-8A8D-B4C73775B200}"
EndProject
Global
	GlobalSection(SolutionConfigurationPlatforms) = preSolution
		Debug|Any CPU = Debug|Any CPU
		Release|Any CPU = Release|Any CPU
	EndGlobalSection
	GlobalSection(ProjectConfigurationPlatforms) = postSolution
		{912F10B4-32B9-4BEC-B5CC-7247A23C0099}.Debug|Any CPU.ActiveCfg = Debug|Any CPU
		{912F10B4-32B9-4BEC-B5CC-7247A23C0099}.Debug|Any CPU.Build.0 = Debug|Any CPU
		{912F10B4-32B9-4BEC-B5CC-7247A23C0099}.Release|Any CPU.ActiveCfg = Release|Any CPU
		{912F10B4-32B9-4BEC-B5CC-7247A23C0099}.Release|Any CPU.Build.0 = Release|Any CPU
		{00E15BD0-6CF3-4253-92B4-DB531DDE0A3D}.Debug|Any CPU.ActiveCfg = Debug|Any CPU
		{00E15BD0-6CF3-4253-92B4-DB531DDE0A3D}.Debug|Any CPU.Build.0 = Debug|Any CPU
		{00E15BD0-6CF3-4253-92B4-DB531DDE0A3D}.Release|Any CPU.ActiveCfg = Release|Any CPU
		{00E15BD0-6CF3-4253-92B4-DB531DDE0A3D}.Release|Any CPU.Build.0 = Release|Any CPU
		{DBEC6871-7202-4213-8A8D-B4C73775B200}.Debug|Any CPU.ActiveCfg = Debug|Any CPU
		{DBEC6871-7202-4213-8A8D-B4C73775B200}.Debug|Any CPU.Build.0 = Debug|Any CPU
		{DBEC6871-7202-4213-8A8D-B4C73775B200}.Release|Any CPU.ActiveCfg = Release|Any CPU
		{DBEC6871-7202-4213-8A8D-B4C73775B200}.Release|Any CPU.Build.0 = Release|Any CPU
	EndGlobalSection
	GlobalSection(SolutionProperties) = preSolution
		HideSolutionNode = FALSE
	EndGlobalSection
	GlobalSection(ExtensibilityGlobals) = postSolution
		SolutionGuid = {67457A6C-26F9-4216-8777-335B212A821E}
	EndGlobalSection
EndGlobal
